<Solution>
  <Project Path="LegendOfBlood.Gameplay.csproj" />
  <Project Path="LegendOfBlood.Editor.csproj" />
  <Project Path="Tests.csproj" />
  <Project Path="LegendOfBlood.Tests.PlayMode.csproj" />
  <Project Path="McpUnity.Editor.csproj" />
  <Project Path="Demigiant.DOTween.csproj" />
  <Project Path="GoogleMobileAds.Editor.csproj" />
  <Project Path="McpUnity.Editor.Tests.csproj" />
</Solution>
